{
  "name": "structured",
  "version": "1.0.0",
  "lockfileVersion": 1,
  "requires": true,
  "dependencies": {
    "conjunction-junction": {
      "version": "3.13.58",
      "resolved": "https://registry.npmjs.org/conjunction-junction/-/conjunction-junction-3.13.58.tgz",
      "integrity": "sha512-FZyVroEKstX2YaEnk27dqH77cH9inh1qREZVFZp4ZAAzNkFyLHJTctiOondzDoVVT7t/AMr88SaCGvlVLIq6JA=="
    }
  }
}
